{
  "name": "parsercombinator",
  "version": "1.0.0",
  "lockfileVersion": 1,
  "requires": true,
  "dependencies": {
    "parsimmon": {
      "version": "1.6.2",
      "resolved": "https://registry.npmjs.org/parsimmon/-/parsimmon-1.6.2.tgz",
      "integrity": "sha512-bJNB0ZQhHyM5KqO2Z5ttQAVn/PZ2pccxaOnMcZ0Su7HA1Iv4GQTfUmzSZ6N3jcsCn9F68PZcypAvF3nDRRL+3g=="
    }
  }
}
